
Microsoft Visual Studio Solution File, Format Version 12.00
# Visual Studio Version 17
VisualStudioVersion = 17.13.35931.197
MinimumVisualStudioVersion = 10.0.40219.1
Project("{8BC9CEB8-8B4A-11D0-8D11-00A0C91BC942}") = "Arrays", "Arrays\Arrays.vcxproj", "{09A21298-5E6F-4A9F-A958-0DFE7DDD51B6}"
EndProject
Project("{8BC9CEB8-8B4A-11D0-8D11-00A0C91BC942}") = "SHIFT", "SHIFT\SHIFT.vcxproj", "{2F85BFD0-BAFC-4137-8EC0-3F24EAB03B24}"
EndProject
Project("{8BC9CEB8-8B4A-11D0-8D11-00A0C91BC942}") = "Numerics", "Numerics\Numerics.vcxproj", "{546C1745-4094-4730-919A-2713874ABD2F}"
EndProject
Project("{8BC9CEB8-8B4A-11D0-8D11-00A0C91BC942}") = "Unique", "Unique\Unique.vcxproj", "{BFE198A1-B842-48E6-B8A3-C15B82717BEA}"
EndProject
Project("{8BC9CEB8-8B4A-11D0-8D11-00A0C91BC942}") = "Repeats", "Repeats\Repeats.vcxproj", "{AF23C9B7-DDE8-41EF-82D5-4BAB6F0E5082}"
EndProject
Project("{8BC9CEB8-8B4A-11D0-8D11-00A0C91BC942}") = "2Darrays", "2Darrays\2Darrays.vcxproj", "{2424EC13-7764-4608-A293-69D1227A81DB}"
EndProject
Project("{8BC9CEB8-8B4A-11D0-8D11-00A0C91BC942}") = "Unique2", "Unique2\Unique2.vcxproj", "{D4B786FC-F9B8-4A25-9CF1-5115E0EF42F9}"
EndProject
Global
	GlobalSection(SolutionConfigurationPlatforms) = preSolution
		Debug|x64 = Debug|x64
		Debug|x86 = Debug|x86
		Release|x64 = Release|x64
		Release|x86 = Release|x86
	EndGlobalSection
	GlobalSection(ProjectConfigurationPlatforms) = postSolution
		{09A21298-5E6F-4A9F-A958-0DFE7DDD51B6}.Debug|x64.ActiveCfg = Debug|x64
		{09A21298-5E6F-4A9F-A958-0DFE7DDD51B6}.Debug|x64.Build.0 = Debug|x64
		{09A21298-5E6F-4A9F-A958-0DFE7DDD51B6}.Debug|x86.ActiveCfg = Debug|Win32
		{09A21298-5E6F-4A9F-A958-0DFE7DDD51B6}.Debug|x86.Build.0 = Debug|Win32
		{09A21298-5E6F-4A9F-A958-0DFE7DDD51B6}.Release|x64.ActiveCfg = Release|x64
		{09A21298-5E6F-4A9F-A958-0DFE7DDD51B6}.Release|x64.Build.0 = Release|x64
		{09A21298-5E6F-4A9F-A958-0DFE7DDD51B6}.Release|x86.ActiveCfg = Release|Win32
		{09A21298-5E6F-4A9F-A958-0DFE7DDD51B6}.Release|x86.Build.0 = Release|Win32
		{2F85BFD0-BAFC-4137-8EC0-3F24EAB03B24}.Debug|x64.ActiveCfg = Debug|x64
		{2F85BFD0-BAFC-4137-8EC0-3F24EAB03B24}.Debug|x64.Build.0 = Debug|x64
		{2F85BFD0-BAFC-4137-8EC0-3F24EAB03B24}.Debug|x86.ActiveCfg = Debug|Win32
		{2F85BFD0-BAFC-4137-8EC0-3F24EAB03B24}.Debug|x86.Build.0 = Debug|Win32
		{2F85BFD0-BAFC-4137-8EC0-3F24EAB03B24}.Release|x64.ActiveCfg = Release|x64
		{2F85BFD0-BAFC-4137-8EC0-3F24EAB03B24}.Release|x64.Build.0 = Release|x64
		{2F85BFD0-BAFC-4137-8EC0-3F24EAB03B24}.Release|x86.ActiveCfg = Release|Win32
		{2F85BFD0-BAFC-4137-8EC0-3F24EAB03B24}.Release|x86.Build.0 = Release|Win32
		{546C1745-4094-4730-919A-2713874ABD2F}.Debug|x64.ActiveCfg = Debug|x64
		{546C1745-4094-4730-919A-2713874ABD2F}.Debug|x64.Build.0 = Debug|x64
		{546C1745-4094-4730-919A-2713874ABD2F}.Debug|x86.ActiveCfg = Debug|Win32
		{546C1745-4094-4730-919A-2713874ABD2F}.Debug|x86.Build.0 = Debug|Win32
		{546C1745-4094-4730-919A-2713874ABD2F}.Release|x64.ActiveCfg = Release|x64
		{546C1745-4094-4730-919A-2713874ABD2F}.Release|x64.Build.0 = Release|x64
		{546C1745-4094-4730-919A-2713874ABD2F}.Release|x86.ActiveCfg = Release|Win32
		{546C1745-4094-4730-919A-2713874ABD2F}.Release|x86.Build.0 = Release|Win32
		{BFE198A1-B842-48E6-B8A3-C15B82717BEA}.Debug|x64.ActiveCfg = Debug|x64
		{BFE198A1-B842-48E6-B8A3-C15B82717BEA}.Debug|x64.Build.0 = Debug|x64
		{BFE198A1-B842-48E6-B8A3-C15B82717BEA}.Debug|x86.ActiveCfg = Debug|Win32
		{BFE198A1-B842-48E6-B8A3-C15B82717BEA}.Debug|x86.Build.0 = Debug|Win32
		{BFE198A1-B842-48E6-B8A3-C15B82717BEA}.Release|x64.ActiveCfg = Release|x64
		{BFE198A1-B842-48E6-B8A3-C15B82717BEA}.Release|x64.Build.0 = Release|x64
		{BFE198A1-B842-48E6-B8A3-C15B82717BEA}.Release|x86.ActiveCfg = Release|Win32
		{BFE198A1-B842-48E6-B8A3-C15B82717BEA}.Release|x86.Build.0 = Release|Win32
		{AF23C9B7-DDE8-41EF-82D5-4BAB6F0E5082}.Debug|x64.ActiveCfg = Debug|x64
		{AF23C9B7-DDE8-41EF-82D5-4BAB6F0E5082}.Debug|x64.Build.0 = Debug|x64
		{AF23C9B7-DDE8-41EF-82D5-4BAB6F0E5082}.Debug|x86.ActiveCfg = Debug|Win32
		{AF23C9B7-DDE8-41EF-82D5-4BAB6F0E5082}.Debug|x86.Build.0 = Debug|Win32
		{AF23C9B7-DDE8-41EF-82D5-4BAB6F0E5082}.Release|x64.ActiveCfg = Release|x64
		{AF23C9B7-DDE8-41EF-82D5-4BAB6F0E5082}.Release|x64.Build.0 = Release|x64
		{AF23C9B7-DDE8-41EF-82D5-4BAB6F0E5082}.Release|x86.ActiveCfg = Release|Win32
		{AF23C9B7-DDE8-41EF-82D5-4BAB6F0E5082}.Release|x86.Build.0 = Release|Win32
		{2424EC13-7764-4608-A293-69D1227A81DB}.Debug|x64.ActiveCfg = Debug|x64
		{2424EC13-7764-4608-A293-69D1227A81DB}.Debug|x64.Build.0 = Debug|x64
		{2424EC13-7764-4608-A293-69D1227A81DB}.Debug|x86.ActiveCfg = Debug|Win32
		{2424EC13-7764-4608-A293-69D1227A81DB}.Debug|x86.Build.0 = Debug|Win32
		{2424EC13-7764-4608-A293-69D1227A81DB}.Release|x64.ActiveCfg = Release|x64
		{2424EC13-7764-4608-A293-69D1227A81DB}.Release|x64.Build.0 = Release|x64
		{2424EC13-7764-4608-A293-69D1227A81DB}.Release|x86.ActiveCfg = Release|Win32
		{2424EC13-7764-4608-A293-69D1227A81DB}.Release|x86.Build.0 = Release|Win32
		{D4B786FC-F9B8-4A25-9CF1-5115E0EF42F9}.Debug|x64.ActiveCfg = Debug|x64
		{D4B786FC-F9B8-4A25-9CF1-5115E0EF42F9}.Debug|x64.Build.0 = Debug|x64
		{D4B786FC-F9B8-4A25-9CF1-5115E0EF42F9}.Debug|x86.ActiveCfg = Debug|Win32
		{D4B786FC-F9B8-4A25-9CF1-5115E0EF42F9}.Debug|x86.Build.0 = Debug|Win32
		{D4B786FC-F9B8-4A25-9CF1-5115E0EF42F9}.Release|x64.ActiveCfg = Release|x64
		{D4B786FC-F9B8-4A25-9CF1-5115E0EF42F9}.Release|x64.Build.0 = Release|x64
		{D4B786FC-F9B8-4A25-9CF1-5115E0EF42F9}.Release|x86.ActiveCfg = Release|Win32
		{D4B786FC-F9B8-4A25-9CF1-5115E0EF42F9}.Release|x86.Build.0 = Release|Win32
	EndGlobalSection
	GlobalSection(SolutionProperties) = preSolution
		HideSolutionNode = FALSE
	EndGlobalSection
	GlobalSection(ExtensibilityGlobals) = postSolution
		SolutionGuid = {CDA8EC81-3DD0-4B73-ADAA-F47A1B880E2A}
	EndGlobalSection
EndGlobal
